// !$*UTF8*$!
{
	archiveVersion = 1;
	classes = {
	};
	objectVersion = 46;
	objects = {

/* Begin PBXBuildFile section */
		425463191CEF7F4C0059C3AC /* main.m in Sources */ = {isa = PBXBuildFile; fileRef = 425463181CEF7F4C0059C3AC /* main.m */; };
		4254631C1CEF7F4C0059C3AC /* AppDelegate.m in Sources */ = {isa = PBXBuildFile; fileRef = 4254631B1CEF7F4C0059C3AC /* AppDelegate.m */; };
		4254631F1CEF7F4C0059C3AC /* ViewController.m in Sources */ = {isa = PBXBuildFile; fileRef = 4254631E1CEF7F4C0059C3AC /* ViewController.m */; };
		425463221CEF7F4C0059C3AC /* Main.storyboard in Resources */ = {isa = PBXBuildFile; fileRef = 425463201CEF7F4C0059C3AC /* Main.storyboard */; };
		425463241CEF7F4C0059C3AC /* Assets.xcassets in Resources */ = {isa = PBXBuildFile; fileRef = 425463231CEF7F4C0059C3AC /* Assets.xcassets */; };
		425463271CEF7F4C0059C3AC /* LaunchScreen.storyboard in Resources */ = {isa = PBXBuildFile; fileRef = 425463251CEF7F4C0059C3AC /* LaunchScreen.storyboard */; };
		425463301CEF83040059C3AC /* quiz.m in Sources */ = {isa = PBXBuildFile; fileRef = 4254632F1CEF83040059C3AC /* quiz.m */; };
		425463321CEF86CE0059C3AC /* beers.plist in Resources */ = {isa = PBXBuildFile; fileRef = 425463311CEF86CE0059C3AC /* beers.plist */; };
/* End PBXBuildFile section */

/* Begin PBXFileReference section */
		425463141CEF7F4C0059C3AC /* Quiz.app */ = {isa = PBXFileReference; explicitFileType = wrapper.application; includeInIndex = 0; path = Quiz.app; sourceTree = BUILT_PRODUCTS_DIR; };
		425463181CEF7F4C0059C3AC /* main.m */ = {isa = PBXFileReference; lastKnownFileType = sourcecode.c.objc; path = main.m; sourceTree = "<group>"; };
		4254631A1CEF7F4C0059C3AC /* AppDelegate.h */ = {isa = PBXFileReference; lastKnownFileType = sourcecode.c.h; path = AppDelegate.h; sourceTree = "<group>"; };
		4254631B1CEF7F4C0059C3AC /* AppDelegate.m */ = {isa = PBXFileReference; lastKnownFileType = sourcecode.c.objc; path = AppDelegate.m; sourceTree = "<group>"; };
		4254631D1CEF7F4C0059C3AC /* ViewController.h */ = {isa = PBXFileReference; lastKnownFileType = sourcecode.c.h; path = ViewController.h; sourceTree = "<group>"; };
		4254631E1CEF7F4C0059C3AC /* ViewController.m */ = {isa = PBXFileReference; lastKnownFileType = sourcecode.c.objc; path = ViewController.m; sourceTree = "<group>"; };
		425463211CEF7F4C0059C3AC /* Base */ = {isa = PBXFileReference; lastKnownFileType = file.storyboard; name = Base; path = Base.lproj/Main.storyboard; sourceTree = "<group>"; };
		425463231CEF7F4C0059C3AC /* Assets.xcassets */ = {isa = PBXFileReference; lastKnownFileType = folder.assetcatalog; path = Assets.xcassets; sourceTree = "<group>"; };
		425463261CEF7F4C0059C3AC /* Base */ = {isa = PBXFileReference; lastKnownFileType = file.storyboard; name = Base; path = Base.lproj/LaunchScreen.storyboard; sourceTree = "<group>"; };
		425463281CEF7F4C0059C3AC /* Info.plist */ = {isa = PBXFileReference; lastKnownFileType = text.plist.xml; path = Info.plist; sourceTree = "<group>"; };
		4254632E1CEF83040059C3AC /* quiz.h */ = {isa = PBXFileReference; fileEncoding = 4; lastKnownFileType = sourcecode.c.h; path = quiz.h; sourceTree = "<group>"; };
		4254632F1CEF83040059C3AC /* quiz.m */ = {isa = PBXFileReference; fileEncoding = 4; lastKnownFileType = sourcecode.c.objc; path = quiz.m; sourceTree = "<group>"; };
		425463311CEF86CE0059C3AC /* beers.plist */ = {isa = PBXFileReference; fileEncoding = 4; lastKnownFileType = text.plist.xml; path = beers.plist; sourceTree = "<group>"; };
/* End PBXFileReference section */

/* Begin PBXFrameworksBuildPhase section */
		425463111CEF7F4C0059C3AC /* Frameworks */ = {
			isa = PBXFrameworksBuildPhase;
			buildActionMask = 2147483647;
			files = (
			);
			runOnlyForDeploymentPostprocessing = 0;
		};
/* End PBXFrameworksBuildPhase section */

/* Begin PBXGroup section */
		4254630B1CEF7F4C0059C3AC = {
			isa = PBXGroup;
			children = (
				425463161CEF7F4C0059C3AC /* Quiz */,
				425463151CEF7F4C0059C3AC /* Products */,
			);
			sourceTree = "<group>";
		};
		425463151CEF7F4C0059C3AC /* Products */ = {
			isa = PBXGroup;
			children = (
				425463141CEF7F4C0059C3AC /* Quiz.app */,
			);
			name = Products;
			sourceTree = "<group>";
		};
		425463161CEF7F4C0059C3AC /* Quiz */ = {
			isa = PBXGroup;
			children = (
				4254631A1CEF7F4C0059C3AC /* AppDelegate.h */,
				4254631B1CEF7F4C0059C3AC /* AppDelegate.m */,
				4254631D1CEF7F4C0059C3AC /* ViewController.h */,
				4254631E1CEF7F4C0059C3AC /* ViewController.m */,
				425463311CEF86CE0059C3AC /* beers.plist */,
				425463201CEF7F4C0059C3AC /* Main.storyboard */,
				4254632E1CEF83040059C3AC /* quiz.h */,
				4254632F1CEF83040059C3AC /* quiz.m */,
				425463231CEF7F4C0059C3AC /* Assets.xcassets */,
				425463251CEF7F4C0059C3AC /* LaunchScreen.storyboard */,
				425463281CEF7F4C0059C3AC /* Info.plist */,
				425463171CEF7F4C0059C3AC /* Supporting Files */,
			);
			path = Quiz;
			sourceTree = "<group>";
		};
		425463171CEF7F4C0059C3AC /* Supporting Files */ = {
			isa = PBXGroup;
			children = (
				425463181CEF7F4C0059C3AC /* main.m */,
			);
			name = "Supporting Files";
			sourceTree = "<group>";
		};
/* End PBXGroup section */

/* Begin PBXNativeTarget section */
		425463131CEF7F4C0059C3AC /* Quiz */ = {
			isa = PBXNativeTarget;
			buildConfigurationList = 4254632B1CEF7F4C0059C3AC /* Build configuration list for PBXNativeTarget "Quiz" */;
			buildPhases = (
				425463101CEF7F4C0059C3AC /* Sources */,
				425463111CEF7F4C0059C3AC /* Frameworks */,
				425463121CEF7F4C0059C3AC /* Resources */,
			);
			buildRules = (
			);
			dependencies = (
			);
			name = Quiz;
			productName = Quiz;
			productReference = 425463141CEF7F4C0059C3AC /* Quiz.app */;
			productType = "com.apple.product-type.application";
		};
/* End PBXNativeTarget section */

/* Begin PBXProject section */
		4254630C1CEF7F4C0059C3AC /* Project object */ = {
			isa = PBXProject;
			attributes = {
				LastUpgradeCheck = 0730;
				ORGANIZATIONNAME = "Ellen Mey";
				TargetAttributes = {
					425463131CEF7F4C0059C3AC = {
						CreatedOnToolsVersion = 7.3.1;
					};
				};
			};
			buildConfigurationList = 4254630F1CEF7F4C0059C3AC /* Build configuration list for PBXProject "Quiz" */;
			compatibilityVersion = "Xcode 3.2";
			developmentRegion = English;
			hasScannedForEncodings = 0;
			knownRegions = (
				en,
				Base,
			);
			mainGroup = 4254630B1CEF7F4C0059C3AC;
			productRefGroup = 425463151CEF7F4C0059C3AC /* Products */;
			projectDirPath = "";
			projectRoot = "";
			targets = (
				425463131CEF7F4C0059C3AC /* Quiz */,
			);
		};
/* End PBXProject section */

/* Begin PBXResourcesBuildPhase section */
		425463121CEF7F4C0059C3AC /* Resources */ = {
			isa = PBXResourcesBuildPhase;
			buildActionMask = 2147483647;
			files = (
				425463271CEF7F4C0059C3AC /* LaunchScreen.storyboard in Resources */,
				425463241CEF7F4C0059C3AC /* Assets.xcassets in Resources */,
				425463321CEF86CE0059C3AC /* beers.plist in Resources */,
				425463221CEF7F4C0059C3AC /* Main.storyboard in Resources */,
			);
			runOnlyForDeploymentPostprocessing = 0;
		};
/* End PBXResourcesBuildPhase section */

/* Begin PBXSourcesBuildPhase section */
		425463101CEF7F4C0059C3AC /* Sources */ = {
			isa = PBXSourcesBuildPhase;
			buildActionMask = 2147483647;
			files = (
				4254631F1CEF7F4C0059C3AC /* ViewController.m in Sources */,
				4254631C1CEF7F4C0059C3AC /* AppDelegate.m in Sources */,
				425463301CEF83040059C3AC /* quiz.m in Sources */,
				425463191CEF7F4C0059C3AC /* main.m in Sources */,
			);
			runOnlyForDeploymentPostprocessing = 0;
		};
/* End PBXSourcesBuildPhase section */

/* Begin PBXVariantGroup section */
		425463201CEF7F4C0059C3AC /* Main.storyboard */ = {
			isa = PBXVariantGroup;
			children = (
				425463211CEF7F4C0059C3AC /* Base */,
			);
			name = Main.storyboard;
			sourceTree = "<group>";
		};
		425463251CEF7F4C0059C3AC /* LaunchScreen.storyboard */ = {
			isa = PBXVariantGroup;
			children = (
				425463261CEF7F4C0059C3AC /* Base */,
			);
			name = LaunchScreen.storyboard;
			sourceTree = "<group>";
		};
/* End PBXVariantGroup section */

/* Begin XCBuildConfiguration section */
		425463291CEF7F4C0059C3AC /* Debug */ = {
			isa = XCBuildConfiguration;
			buildSettings = {
				ALWAYS_SEARCH_USER_PATHS = NO;
				CLANG_ANALYZER_NONNULL = YES;
				CLANG_CXX_LANGUAGE_STANDARD = "gnu++0x";
				CLANG_CXX_LIBRARY = "libc++";
				CLANG_ENABLE_MODULES = YES;
				CLANG_ENABLE_OBJC_ARC = YES;
				CLANG_WARN_BOOL_CONVERSION = YES;
				CLANG_WARN_CONSTANT_CONVERSION = YES;
				CLANG_WARN_DIRECT_OBJC_ISA_USAGE = YES_ERROR;
				CLANG_WARN_EMPTY_BODY = YES;
				CLANG_WARN_ENUM_CONVERSION = YES;
				CLANG_WARN_INT_CONVERSION = YES;
				CLANG_WARN_OBJC_ROOT_CLASS = YES_ERROR;
				CLANG_WARN_UNREACHABLE_CODE = YES;
				CLANG_WARN__DUPLICATE_METHOD_MATCH = YES;
				"CODE_SIGN_IDENTITY[sdk=iphoneos*]" = "iPhone Developer";
				COPY_PHASE_STRIP = NO;
				DEBUG_INFORMATION_FORMAT = dwarf;
				ENABLE_STRICT_OBJC_MSGSEND = YES;
				ENABLE_TESTABILITY = YES;
				GCC_C_LANGUAGE_STANDARD = gnu99;
				GCC_DYNAMIC_NO_PIC = NO;
				GCC_NO_COMMON_BLOCKS = YES;
				GCC_OPTIMIZATION_LEVEL = 0;
				GCC_PREPROCESSOR_DEFINITIONS = (
					"DEBUG=1",
					"$(inherited)",
				);
				GCC_WARN_64_TO_32_BIT_CONVERSION = YES;
				GCC_WARN_ABOUT_RETURN_TYPE = YES_ERROR;
				GCC_WARN_UNDECLARED_SELECTOR = YES;
				GCC_WARN_UNINITIALIZED_AUTOS = YES_AGGRESSIVE;
				GCC_WARN_UNUSED_FUNCTION = YES;
				GCC_WARN_UNUSED_VARIABLE = YES;
				IPHONEOS_DEPLOYMENT_TARGET = 9.3;
				MTL_ENABLE_DEBUG_INFO = YES;
				ONLY_ACTIVE_ARCH = YES;
				SDKROOT = iphoneos;
			};
			name = Debug;
		};
		4254632A1CEF7F4C0059C3AC /* Release */ = {
			isa = XCBuildConfiguration;
			buildSettings = {
				ALWAYS_SEARCH_USER_PATHS = NO;
				CLANG_ANALYZER_NONNULL = YES;
				CLANG_CXX_LANGUAGE_STANDARD = "gnu++0x";
				CLANG_CXX_LIBRARY = "libc++";
				CLANG_ENABLE_MODULES = YES;
				CLANG_ENABLE_OBJC_ARC = YES;
				CLANG_WARN_BOOL_CONVERSION = YES;
				CLANG_WARN_CONSTANT_CONVERSION = YES;
				CLANG_WARN_DIRECT_OBJC_ISA_USAGE = YES_ERROR;
				CLANG_WARN_EMPTY_BODY = YES;
				CLANG_WARN_ENUM_CONVERSION = YES;
				CLANG_WARN_INT_CONVERSION = YES;
				CLANG_WARN_OBJC_ROOT_CLASS = YES_ERROR;
				CLANG_WARN_UNREACHABLE_CODE = YES;
				CLANG_WARN__DUPLICATE_METHOD_MATCH = YES;
				"CODE_SIGN_IDENTITY[sdk=iphoneos*]" = "iPhone Developer";
				COPY_PHASE_STRIP = NO;
				DEBUG_INFORMATION_FORMAT = "dwarf-with-dsym";
				ENABLE_NS_ASSERTIONS = NO;
				ENABLE_STRICT_OBJC_MSGSEND = YES;
				GCC_C_LANGUAGE_STANDARD = gnu99;
				GCC_NO_COMMON_BLOCKS = YES;
				GCC_WARN_64_TO_32_BIT_CONVERSION = YES;
				GCC_WARN_ABOUT_RETURN_TYPE = YES_ERROR;
				GCC_WARN_UNDECLARED_SELECTOR = YES;
				GCC_WARN_UNINITIALIZED_AUTOS = YES_AGGRESSIVE;
				GCC_WARN_UNUSED_FUNCTION = YES;
				GCC_WARN_UNUSED_VARIABLE = YES;
				IPHONEOS_DEPLOYMENT_TARGET = 9.3;
				MTL_ENABLE_DEBUG_INFO = NO;
				SDKROOT = iphoneos;
				VALIDATE_PRODUCT = YES;
			};
			name = Release;
		};
		4254632C1CEF7F4C0059C3AC /* Debug */ = {
			isa = XCBuildConfiguration;
			buildSettings = {
				ASSETCATALOG_COMPILER_APPICON_NAME = AppIcon;
				INFOPLIST_FILE = Quiz/Info.plist;
				LD_RUNPATH_SEARCH_PATHS = "$(inherited) @executable_path/Frameworks";
				PRODUCT_BUNDLE_IDENTIFIER = com.detroitlabs.Quiz;
				PRODUCT_NAME = "$(TARGET_NAME)";
			};
			name = Debug;
		};
		4254632D1CEF7F4C0059C3AC /* Release */ = {
			isa = XCBuildConfiguration;
			buildSettings = {
				ASSETCATALOG_COMPILER_APPICON_NAME = AppIcon;
				INFOPLIST_FILE = Quiz/Info.plist;
				LD_RUNPATH_SEARCH_PATHS = "$(inherited) @executable_path/Frameworks";
				PRODUCT_BUNDLE_IDENTIFIER = com.detroitlabs.Quiz;
				PRODUCT_NAME = "$(TARGET_NAME)";
			};
			name = Release;
		};
/* End XCBuildConfiguration section */

/* Begin XCConfigurationList section */
		4254630F1CEF7F4C0059C3AC /* Build configuration list for PBXProject "Quiz" */ = {
			isa = XCConfigurationList;
			buildConfigurations = (
				425463291CEF7F4C0059C3AC /* Debug */,
				4254632A1CEF7F4C0059C3AC /* Release */,
			);
			defaultConfigurationIsVisible = 0;
			defaultConfigurationName = Release;
		};
		4254632B1CEF7F4C0059C3AC /* Build configuration list for PBXNativeTarget "Quiz" */ = {
			isa = XCConfigurationList;
			buildConfigurations = (
				4254632C1CEF7F4C0059C3AC /* Debug */,
				4254632D1CEF7F4C0059C3AC /* Release */,
			);
			defaultConfigurationIsVisible = 0;
		};
/* End XCConfigurationList section */
	};
	rootObject = 4254630C1CEF7F4C0059C3AC /* Project object */;
}
